
Microsoft Visual Studio Solution File, Format Version 12.00
# Visual Studio 15
Project("{FAE04EC0-301F-11D3-BF4B-00C04F79EFBC}") = "lab3", "lab3\lab3.csproj", "{1E0B3FD5-4588-4F93-AA87-C5CB0988C20E}"
EndProject
Global
	GlobalSection(SolutionConfigurationPlatforms) = preSolution
		Debug|Any CPU = Debug|Any CPU
		Release|Any CPU = Release|Any CPU
	EndGlobalSection
	GlobalSection(ProjectConfigurationPlatforms) = postSolution
		{1E0B3FD5-4588-4F93-AA87-C5CB0988C20E}.Debug|Any CPU.ActiveCfg = Debug|Any CPU
		{1E0B3FD5-4588-4F93-AA87-C5CB0988C20E}.Debug|Any CPU.Build.0 = Debug|Any CPU
		{1E0B3FD5-4588-4F93-AA87-C5CB0988C20E}.Release|Any CPU.ActiveCfg = Release|Any CPU
		{1E0B3FD5-4588-4F93-AA87-C5CB0988C20E}.Release|Any CPU.Build.0 = Release|Any CPU
	EndGlobalSection
EndGlobal
